
Microsoft Visual Studio Solution File, Format Version 12.00
# Visual Studio 2013
VisualStudioVersion = 12.0.21005.1
MinimumVisualStudioVersion = 10.0.40219.1
Project("{FAE04EC0-301F-11D3-BF4B-00C04F79EFBC}") = "openTill.Domain", "openTill.Domain\openTill.Domain.csproj", "{3BE0E974-D39F-4A68-8B61-20DA78B023D1}"
EndProject
Global
	GlobalSection(SolutionConfigurationPlatforms) = preSolution
		Debug|Any CPU = Debug|Any CPU
		Release|Any CPU = Release|Any CPU
	EndGlobalSection
	GlobalSection(ProjectConfigurationPlatforms) = postSolution
		{3BE0E974-D39F-4A68-8B61-20DA78B023D1}.Debug|Any CPU.ActiveCfg = Debug|Any CPU
		{3BE0E974-D39F-4A68-8B61-20DA78B023D1}.Debug|Any CPU.Build.0 = Debug|Any CPU
		{3BE0E974-D39F-4A68-8B61-20DA78B023D1}.Release|Any CPU.ActiveCfg = Release|Any CPU
		{3BE0E974-D39F-4A68-8B61-20DA78B023D1}.Release|Any CPU.Build.0 = Release|Any CPU
	EndGlobalSection
	GlobalSection(SolutionProperties) = preSolution
		HideSolutionNode = FALSE
	EndGlobalSection
EndGlobal
